{
  "name": "offset-resizer",
  "version": "1.2.0",
  "lockfileVersion": 2,
  "requires": true,
  "packages": {
    "": {
      "name": "offset-resizer",
      "version": "1.2.0",
      "devDependencies": {
        "@figma/plugin-typings": "^1.39.1"
      }
    },
    "node_modules/@figma/plugin-typings": {
      "version": "1.55.0",
      "resolved": "https://registry.npmjs.org/@figma/plugin-typings/-/plugin-typings-1.55.0.tgz",
      "integrity": "sha512-Lw90dEPGyQ3if0LtZaUATtD1D9TeHDi5SoUc9wPWJAvKoTYRJJwzNCEskKCUQPFzi4UgFcNeTEMgpSyVUWpR9w==",
      "dev": true
    }
  },
  "dependencies": {
    "@figma/plugin-typings": {
      "version": "1.55.0",
      "resolved": "https://registry.npmjs.org/@figma/plugin-typings/-/plugin-typings-1.55.0.tgz",
      "integrity": "sha512-Lw90dEPGyQ3if0LtZaUATtD1D9TeHDi5SoUc9wPWJAvKoTYRJJwzNCEskKCUQPFzi4UgFcNeTEMgpSyVUWpR9w==",
      "dev": true
    }
  }
}
